// !$*UTF8*$!
{
	archiveVersion = 1;
	classes = {
	};
	objectVersion = 50;
	objects = {

/* Begin PBXBuildFile section */
		E457907E24756A6D004CBADB /* AppDelegate.swift in Sources */ = {isa = PBXBuildFile; fileRef = E457907D24756A6D004CBADB /* AppDelegate.swift */; };
		E457908024756A6D004CBADB /* SceneDelegate.swift in Sources */ = {isa = PBXBuildFile; fileRef = E457907F24756A6D004CBADB /* SceneDelegate.swift */; };
		E457908224756A6D004CBADB /* ViewController.swift in Sources */ = {isa = PBXBuildFile; fileRef = E457908124756A6D004CBADB /* ViewController.swift */; };
		E457908524756A6D004CBADB /* Main.storyboard in Resources */ = {isa = PBXBuildFile; fileRef = E457908324756A6D004CBADB /* Main.storyboard */; };
		E457908724756A75004CBADB /* Assets.xcassets in Resources */ = {isa = PBXBuildFile; fileRef = E457908624756A75004CBADB /* Assets.xcassets */; };
		E457908A24756A76004CBADB /* LaunchScreen.storyboard in Resources */ = {isa = PBXBuildFile; fileRef = E457908824756A76004CBADB /* LaunchScreen.storyboard */; };
/* End PBXBuildFile section */

/* Begin PBXFileReference section */
		E457907A24756A6D004CBADB /* Squares.app */ = {isa = PBXFileReference; explicitFileType = wrapper.application; includeInIndex = 0; path = Squares.app; sourceTree = BUILT_PRODUCTS_DIR; };
		E457907D24756A6D004CBADB /* AppDelegate.swift */ = {isa = PBXFileReference; lastKnownFileType = sourcecode.swift; path = AppDelegate.swift; sourceTree = "<group>"; };
		E457907F24756A6D004CBADB /* SceneDelegate.swift */ = {isa = PBXFileReference; lastKnownFileType = sourcecode.swift; path = SceneDelegate.swift; sourceTree = "<group>"; };
		E457908124756A6D004CBADB /* ViewController.swift */ = {isa = PBXFileReference; lastKnownFileType = sourcecode.swift; path = ViewController.swift; sourceTree = "<group>"; };
		E457908424756A6D004CBADB /* Base */ = {isa = PBXFileReference; lastKnownFileType = file.storyboard; name = Base; path = Base.lproj/Main.storyboard; sourceTree = "<group>"; };
		E457908624756A75004CBADB /* Assets.xcassets */ = {isa = PBXFileReference; lastKnownFileType = folder.assetcatalog; path = Assets.xcassets; sourceTree = "<group>"; };
		E457908924756A76004CBADB /* Base */ = {isa = PBXFileReference; lastKnownFileType = file.storyboard; name = Base; path = Base.lproj/LaunchScreen.storyboard; sourceTree = "<group>"; };
		E457908B24756A76004CBADB /* Info.plist */ = {isa = PBXFileReference; lastKnownFileType = text.plist.xml; path = Info.plist; sourceTree = "<group>"; };
/* End PBXFileReference section */

/* Begin PBXFrameworksBuildPhase section */
		E457907724756A6D004CBADB /* Frameworks */ = {
			isa = PBXFrameworksBuildPhase;
			buildActionMask = 2147483647;
			files = (
			);
			runOnlyForDeploymentPostprocessing = 0;
		};
/* End PBXFrameworksBuildPhase section */

/* Begin PBXGroup section */
		E457907124756A6D004CBADB = {
			isa = PBXGroup;
			children = (
				E457907C24756A6D004CBADB /* Squares */,
				E457907B24756A6D004CBADB /* Products */,
			);
			sourceTree = "<group>";
		};
		E457907B24756A6D004CBADB /* Products */ = {
			isa = PBXGroup;
			children = (
				E457907A24756A6D004CBADB /* Squares.app */,
			);
			name = Products;
			sourceTree = "<group>";
		};
		E457907C24756A6D004CBADB /* Squares */ = {
			isa = PBXGroup;
			children = (
				E457907D24756A6D004CBADB /* AppDelegate.swift */,
				E457907F24756A6D004CBADB /* SceneDelegate.swift */,
				E457908124756A6D004CBADB /* ViewController.swift */,
				E457908324756A6D004CBADB /* Main.storyboard */,
				E457908624756A75004CBADB /* Assets.xcassets */,
				E457908824756A76004CBADB /* LaunchScreen.storyboard */,
				E457908B24756A76004CBADB /* Info.plist */,
			);
			path = Squares;
			sourceTree = "<group>";
		};
/* End PBXGroup section */

/* Begin PBXNativeTarget section */
		E457907924756A6D004CBADB /* Squares */ = {
			isa = PBXNativeTarget;
			buildConfigurationList = E457908E24756A76004CBADB /* Build configuration list for PBXNativeTarget "Squares" */;
			buildPhases = (
				E457907624756A6D004CBADB /* Sources */,
				E457907724756A6D004CBADB /* Frameworks */,
				E457907824756A6D004CBADB /* Resources */,
			);
			buildRules = (
			);
			dependencies = (
			);
			name = Squares;
			productName = Squares;
			productReference = E457907A24756A6D004CBADB /* Squares.app */;
			productType = "com.apple.product-type.application";
		};
/* End PBXNativeTarget section */

/* Begin PBXProject section */
		E457907224756A6D004CBADB /* Project object */ = {
			isa = PBXProject;
			attributes = {
				LastSwiftUpdateCheck = 1140;
				LastUpgradeCheck = 1140;
				ORGANIZATIONNAME = "Yuri Lyakhov";
				TargetAttributes = {
					E457907924756A6D004CBADB = {
						CreatedOnToolsVersion = 11.4.1;
					};
				};
			};
			buildConfigurationList = E457907524756A6D004CBADB /* Build configuration list for PBXProject "Squares" */;
			compatibilityVersion = "Xcode 9.3";
			developmentRegion = en;
			hasScannedForEncodings = 0;
			knownRegions = (
				en,
				Base,
			);
			mainGroup = E457907124756A6D004CBADB;
			productRefGroup = E457907B24756A6D004CBADB /* Products */;
			projectDirPath = "";
			projectRoot = "";
			targets = (
				E457907924756A6D004CBADB /* Squares */,
			);
		};
/* End PBXProject section */

/* Begin PBXResourcesBuildPhase section */
		E457907824756A6D004CBADB /* Resources */ = {
			isa = PBXResourcesBuildPhase;
			buildActionMask = 2147483647;
			files = (
				E457908A24756A76004CBADB /* LaunchScreen.storyboard in Resources */,
				E457908724756A75004CBADB /* Assets.xcassets in Resources */,
				E457908524756A6D004CBADB /* Main.storyboard in Resources */,
			);
			runOnlyForDeploymentPostprocessing = 0;
		};
/* End PBXResourcesBuildPhase section */

/* Begin PBXSourcesBuildPhase section */
		E457907624756A6D004CBADB /* Sources */ = {
			isa = PBXSourcesBuildPhase;
			buildActionMask = 2147483647;
			files = (
				E457908224756A6D004CBADB /* ViewController.swift in Sources */,
				E457907E24756A6D004CBADB /* AppDelegate.swift in Sources */,
				E457908024756A6D004CBADB /* SceneDelegate.swift in Sources */,
			);
			runOnlyForDeploymentPostprocessing = 0;
		};
/* End PBXSourcesBuildPhase section */

/* Begin PBXVariantGroup section */
		E457908324756A6D004CBADB /* Main.storyboard */ = {
			isa = PBXVariantGroup;
			children = (
				E457908424756A6D004CBADB /* Base */,
			);
			name = Main.storyboard;
			sourceTree = "<group>";
		};
		E457908824756A76004CBADB /* LaunchScreen.storyboard */ = {
			isa = PBXVariantGroup;
			children = (
				E457908924756A76004CBADB /* Base */,
			);
			name = LaunchScreen.storyboard;
			sourceTree = "<group>";
		};
/* End PBXVariantGroup section */

/* Begin XCBuildConfiguration section */
		E457908C24756A76004CBADB /* Debug */ = {
			isa = XCBuildConfiguration;
			buildSettings = {
				ALWAYS_SEARCH_USER_PATHS = NO;
				CLANG_ANALYZER_NONNULL = YES;
				CLANG_ANALYZER_NUMBER_OBJECT_CONVERSION = YES_AGGRESSIVE;
				CLANG_CXX_LANGUAGE_STANDARD = "gnu++14";
				CLANG_CXX_LIBRARY = "libc++";
				CLANG_ENABLE_MODULES = YES;
				CLANG_ENABLE_OBJC_ARC = YES;
				CLANG_ENABLE_OBJC_WEAK = YES;
				CLANG_WARN_BLOCK_CAPTURE_AUTORELEASING = YES;
				CLANG_WARN_BOOL_CONVERSION = YES;
				CLANG_WARN_COMMA = YES;
				CLANG_WARN_CONSTANT_CONVERSION = YES;
				CLANG_WARN_DEPRECATED_OBJC_IMPLEMENTATIONS = YES;
				CLANG_WARN_DIRECT_OBJC_ISA_USAGE = YES_ERROR;
				CLANG_WARN_DOCUMENTATION_COMMENTS = YES;
				CLANG_WARN_EMPTY_BODY = YES;
				CLANG_WARN_ENUM_CONVERSION = YES;
				CLANG_WARN_INFINITE_RECURSION = YES;
				CLANG_WARN_INT_CONVERSION = YES;
				CLANG_WARN_NON_LITERAL_NULL_CONVERSION = YES;
				CLANG_WARN_OBJC_IMPLICIT_RETAIN_SELF = YES;
				CLANG_WARN_OBJC_LITERAL_CONVERSION = YES;
				CLANG_WARN_OBJC_ROOT_CLASS = YES_ERROR;
				CLANG_WARN_RANGE_LOOP_ANALYSIS = YES;
				CLANG_WARN_STRICT_PROTOTYPES = YES;
				CLANG_WARN_SUSPICIOUS_MOVE = YES;
				CLANG_WARN_UNGUARDED_AVAILABILITY = YES_AGGRESSIVE;
				CLANG_WARN_UNREACHABLE_CODE = YES;
				CLANG_WARN__DUPLICATE_METHOD_MATCH = YES;
				COPY_PHASE_STRIP = NO;
				DEBUG_INFORMATION_FORMAT = dwarf;
				ENABLE_STRICT_OBJC_MSGSEND = YES;
				ENABLE_TESTABILITY = YES;
				GCC_C_LANGUAGE_STANDARD = gnu11;
				GCC_DYNAMIC_NO_PIC = NO;
				GCC_NO_COMMON_BLOCKS = YES;
				GCC_OPTIMIZATION_LEVEL = 0;
				GCC_PREPROCESSOR_DEFINITIONS = (
					"DEBUG=1",
					"$(inherited)",
				);
				GCC_WARN_64_TO_32_BIT_CONVERSION = YES;
				GCC_WARN_ABOUT_RETURN_TYPE = YES_ERROR;
				GCC_WARN_UNDECLARED_SELECTOR = YES;
				GCC_WARN_UNINITIALIZED_AUTOS = YES_AGGRESSIVE;
				GCC_WARN_UNUSED_FUNCTION = YES;
				GCC_WARN_UNUSED_VARIABLE = YES;
				IPHONEOS_DEPLOYMENT_TARGET = 13.4;
				MTL_ENABLE_DEBUG_INFO = INCLUDE_SOURCE;
				MTL_FAST_MATH = YES;
				ONLY_ACTIVE_ARCH = YES;
				SDKROOT = iphoneos;
				SWIFT_ACTIVE_COMPILATION_CONDITIONS = DEBUG;
				SWIFT_OPTIMIZATION_LEVEL = "-Onone";
			};
			name = Debug;
		};
		E457908D24756A76004CBADB /* Release */ = {
			isa = XCBuildConfiguration;
			buildSettings = {
				ALWAYS_SEARCH_USER_PATHS = NO;
				CLANG_ANALYZER_NONNULL = YES;
				CLANG_ANALYZER_NUMBER_OBJECT_CONVERSION = YES_AGGRESSIVE;
				CLANG_CXX_LANGUAGE_STANDARD = "gnu++14";
				CLANG_CXX_LIBRARY = "libc++";
				CLANG_ENABLE_MODULES = YES;
				CLANG_ENABLE_OBJC_ARC = YES;
				CLANG_ENABLE_OBJC_WEAK = YES;
				CLANG_WARN_BLOCK_CAPTURE_AUTORELEASING = YES;
				CLANG_WARN_BOOL_CONVERSION = YES;
				CLANG_WARN_COMMA = YES;
				CLANG_WARN_CONSTANT_CONVERSION = YES;
				CLANG_WARN_DEPRECATED_OBJC_IMPLEMENTATIONS = YES;
				CLANG_WARN_DIRECT_OBJC_ISA_USAGE = YES_ERROR;
				CLANG_WARN_DOCUMENTATION_COMMENTS = YES;
				CLANG_WARN_EMPTY_BODY = YES;
				CLANG_WARN_ENUM_CONVERSION = YES;
				CLANG_WARN_INFINITE_RECURSION = YES;
				CLANG_WARN_INT_CONVERSION = YES;
				CLANG_WARN_NON_LITERAL_NULL_CONVERSION = YES;
				CLANG_WARN_OBJC_IMPLICIT_RETAIN_SELF = YES;
				CLANG_WARN_OBJC_LITERAL_CONVERSION = YES;
				CLANG_WARN_OBJC_ROOT_CLASS = YES_ERROR;
				CLANG_WARN_RANGE_LOOP_ANALYSIS = YES;
				CLANG_WARN_STRICT_PROTOTYPES = YES;
				CLANG_WARN_SUSPICIOUS_MOVE = YES;
				CLANG_WARN_UNGUARDED_AVAILABILITY = YES_AGGRESSIVE;
				CLANG_WARN_UNREACHABLE_CODE = YES;
				CLANG_WARN__DUPLICATE_METHOD_MATCH = YES;
				COPY_PHASE_STRIP = NO;
				DEBUG_INFORMATION_FORMAT = "dwarf-with-dsym";
				ENABLE_NS_ASSERTIONS = NO;
				ENABLE_STRICT_OBJC_MSGSEND = YES;
				GCC_C_LANGUAGE_STANDARD = gnu11;
				GCC_NO_COMMON_BLOCKS = YES;
				GCC_WARN_64_TO_32_BIT_CONVERSION = YES;
				GCC_WARN_ABOUT_RETURN_TYPE = YES_ERROR;
				GCC_WARN_UNDECLARED_SELECTOR = YES;
				GCC_WARN_UNINITIALIZED_AUTOS = YES_AGGRESSIVE;
				GCC_WARN_UNUSED_FUNCTION = YES;
				GCC_WARN_UNUSED_VARIABLE = YES;
				IPHONEOS_DEPLOYMENT_TARGET = 13.4;
				MTL_ENABLE_DEBUG_INFO = NO;
				MTL_FAST_MATH = YES;
				SDKROOT = iphoneos;
				SWIFT_COMPILATION_MODE = wholemodule;
				SWIFT_OPTIMIZATION_LEVEL = "-O";
				VALIDATE_PRODUCT = YES;
			};
			name = Release;
		};
		E457908F24756A76004CBADB /* Debug */ = {
			isa = XCBuildConfiguration;
			buildSettings = {
				ASSETCATALOG_COMPILER_APPICON_NAME = AppIcon;
				CODE_SIGN_STYLE = Automatic;
				DEVELOPMENT_TEAM = TBBY2TYC44;
				INFOPLIST_FILE = Squares/Info.plist;
				LD_RUNPATH_SEARCH_PATHS = (
					"$(inherited)",
					"@executable_path/Frameworks",
				);
				PRODUCT_BUNDLE_IDENTIFIER = ru.LyakhovYADev.Squares;
				PRODUCT_NAME = "$(TARGET_NAME)";
				SWIFT_VERSION = 5.0;
				TARGETED_DEVICE_FAMILY = "1,2";
			};
			name = Debug;
		};
		E457909024756A76004CBADB /* Release */ = {
			isa = XCBuildConfiguration;
			buildSettings = {
				ASSETCATALOG_COMPILER_APPICON_NAME = AppIcon;
				CODE_SIGN_STYLE = Automatic;
				DEVELOPMENT_TEAM = TBBY2TYC44;
				INFOPLIST_FILE = Squares/Info.plist;
				LD_RUNPATH_SEARCH_PATHS = (
					"$(inherited)",
					"@executable_path/Frameworks",
				);
				PRODUCT_BUNDLE_IDENTIFIER = ru.LyakhovYADev.Squares;
				PRODUCT_NAME = "$(TARGET_NAME)";
				SWIFT_VERSION = 5.0;
				TARGETED_DEVICE_FAMILY = "1,2";
			};
			name = Release;
		};
/* End XCBuildConfiguration section */

/* Begin XCConfigurationList section */
		E457907524756A6D004CBADB /* Build configuration list for PBXProject "Squares" */ = {
			isa = XCConfigurationList;
			buildConfigurations = (
				E457908C24756A76004CBADB /* Debug */,
				E457908D24756A76004CBADB /* Release */,
			);
			defaultConfigurationIsVisible = 0;
			defaultConfigurationName = Release;
		};
		E457908E24756A76004CBADB /* Build configuration list for PBXNativeTarget "Squares" */ = {
			isa = XCConfigurationList;
			buildConfigurations = (
				E457908F24756A76004CBADB /* Debug */,
				E457909024756A76004CBADB /* Release */,
			);
			defaultConfigurationIsVisible = 0;
			defaultConfigurationName = Release;
		};
/* End XCConfigurationList section */
	};
	rootObject = E457907224756A6D004CBADB /* Project object */;
}
